// !$*UTF8*$!
{
	archiveVersion = 1;
	classes = {
	};
	objectVersion = 50;
	objects = {

/* Begin PBXBuildFile section */
		8229A6BF2237516900CDACD4 /* AppDelegate.swift in Sources */ = {isa = PBXBuildFile; fileRef = 8229A6BE2237516900CDACD4 /* AppDelegate.swift */; };
		8229A6C12237516900CDACD4 /* ViewController.swift in Sources */ = {isa = PBXBuildFile; fileRef = 8229A6C02237516900CDACD4 /* ViewController.swift */; };
		8229A6C42237516900CDACD4 /* Main.storyboard in Resources */ = {isa = PBXBuildFile; fileRef = 8229A6C22237516900CDACD4 /* Main.storyboard */; };
		8229A6C62237516B00CDACD4 /* Assets.xcassets in Resources */ = {isa = PBXBuildFile; fileRef = 8229A6C52237516B00CDACD4 /* Assets.xcassets */; };
		8229A6C92237516B00CDACD4 /* LaunchScreen.storyboard in Resources */ = {isa = PBXBuildFile; fileRef = 8229A6C72237516B00CDACD4 /* LaunchScreen.storyboard */; };
		8229A6D1223751FE00CDACD4 /* TrackingManager.swift in Sources */ = {isa = PBXBuildFile; fileRef = 8229A6D0223751FE00CDACD4 /* TrackingManager.swift */; };
		8229A6D52237524700CDACD4 /* BaseTrackingProtocol.swift in Sources */ = {isa = PBXBuildFile; fileRef = 8229A6D32237524700CDACD4 /* BaseTrackingProtocol.swift */; };
		8229A6D62237524700CDACD4 /* BaseTrackingArea.swift in Sources */ = {isa = PBXBuildFile; fileRef = 8229A6D42237524700CDACD4 /* BaseTrackingArea.swift */; };
/* End PBXBuildFile section */

/* Begin PBXFileReference section */
		8229A6BB2237516900CDACD4 /* BTDemo.app */ = {isa = PBXFileReference; explicitFileType = wrapper.application; includeInIndex = 0; path = BTDemo.app; sourceTree = BUILT_PRODUCTS_DIR; };
		8229A6BE2237516900CDACD4 /* AppDelegate.swift */ = {isa = PBXFileReference; lastKnownFileType = sourcecode.swift; path = AppDelegate.swift; sourceTree = "<group>"; };
		8229A6C02237516900CDACD4 /* ViewController.swift */ = {isa = PBXFileReference; lastKnownFileType = sourcecode.swift; path = ViewController.swift; sourceTree = "<group>"; };
		8229A6C32237516900CDACD4 /* Base */ = {isa = PBXFileReference; lastKnownFileType = file.storyboard; name = Base; path = Base.lproj/Main.storyboard; sourceTree = "<group>"; };
		8229A6C52237516B00CDACD4 /* Assets.xcassets */ = {isa = PBXFileReference; lastKnownFileType = folder.assetcatalog; path = Assets.xcassets; sourceTree = "<group>"; };
		8229A6C82237516B00CDACD4 /* Base */ = {isa = PBXFileReference; lastKnownFileType = file.storyboard; name = Base; path = Base.lproj/LaunchScreen.storyboard; sourceTree = "<group>"; };
		8229A6CA2237516B00CDACD4 /* Info.plist */ = {isa = PBXFileReference; lastKnownFileType = text.plist.xml; path = Info.plist; sourceTree = "<group>"; };
		8229A6D0223751FE00CDACD4 /* TrackingManager.swift */ = {isa = PBXFileReference; lastKnownFileType = sourcecode.swift; path = TrackingManager.swift; sourceTree = "<group>"; };
		8229A6D32237524700CDACD4 /* BaseTrackingProtocol.swift */ = {isa = PBXFileReference; fileEncoding = 4; lastKnownFileType = sourcecode.swift; path = BaseTrackingProtocol.swift; sourceTree = "<group>"; };
		8229A6D42237524700CDACD4 /* BaseTrackingArea.swift */ = {isa = PBXFileReference; fileEncoding = 4; lastKnownFileType = sourcecode.swift; path = BaseTrackingArea.swift; sourceTree = "<group>"; };
/* End PBXFileReference section */

/* Begin PBXFrameworksBuildPhase section */
		8229A6B82237516900CDACD4 /* Frameworks */ = {
			isa = PBXFrameworksBuildPhase;
			buildActionMask = 2147483647;
			files = (
			);
			runOnlyForDeploymentPostprocessing = 0;
		};
/* End PBXFrameworksBuildPhase section */

/* Begin PBXGroup section */
		8229A6B22237516900CDACD4 = {
			isa = PBXGroup;
			children = (
				8229A6BD2237516900CDACD4 /* BTDemo */,
				8229A6BC2237516900CDACD4 /* Products */,
			);
			sourceTree = "<group>";
		};
		8229A6BC2237516900CDACD4 /* Products */ = {
			isa = PBXGroup;
			children = (
				8229A6BB2237516900CDACD4 /* BTDemo.app */,
			);
			name = Products;
			sourceTree = "<group>";
		};
		8229A6BD2237516900CDACD4 /* BTDemo */ = {
			isa = PBXGroup;
			children = (
				8229A6BE2237516900CDACD4 /* AppDelegate.swift */,
				8229A6C02237516900CDACD4 /* ViewController.swift */,
				8229A6D0223751FE00CDACD4 /* TrackingManager.swift */,
				8229A6C22237516900CDACD4 /* Main.storyboard */,
				8229A6C72237516B00CDACD4 /* LaunchScreen.storyboard */,
				8229A6CA2237516B00CDACD4 /* Info.plist */,
				8229A6C52237516B00CDACD4 /* Assets.xcassets */,
				8229A6D22237524700CDACD4 /* Source */,
			);
			path = BTDemo;
			sourceTree = "<group>";
		};
		8229A6D22237524700CDACD4 /* Source */ = {
			isa = PBXGroup;
			children = (
				8229A6D32237524700CDACD4 /* BaseTrackingProtocol.swift */,
				8229A6D42237524700CDACD4 /* BaseTrackingArea.swift */,
			);
			path = Source;
			sourceTree = "<group>";
		};
/* End PBXGroup section */

/* Begin PBXNativeTarget section */
		8229A6BA2237516900CDACD4 /* BTDemo */ = {
			isa = PBXNativeTarget;
			buildConfigurationList = 8229A6CD2237516B00CDACD4 /* Build configuration list for PBXNativeTarget "BTDemo" */;
			buildPhases = (
				8229A6B72237516900CDACD4 /* Sources */,
				8229A6B82237516900CDACD4 /* Frameworks */,
				8229A6B92237516900CDACD4 /* Resources */,
			);
			buildRules = (
			);
			dependencies = (
			);
			name = BTDemo;
			productName = BTDemo;
			productReference = 8229A6BB2237516900CDACD4 /* BTDemo.app */;
			productType = "com.apple.product-type.application";
		};
/* End PBXNativeTarget section */

/* Begin PBXProject section */
		8229A6B32237516900CDACD4 /* Project object */ = {
			isa = PBXProject;
			attributes = {
				LastSwiftUpdateCheck = 1020;
				LastUpgradeCheck = 1020;
				ORGANIZATIONNAME = limadeveloper;
				TargetAttributes = {
					8229A6BA2237516900CDACD4 = {
						CreatedOnToolsVersion = 10.2;
					};
				};
			};
			buildConfigurationList = 8229A6B62237516900CDACD4 /* Build configuration list for PBXProject "BTDemo" */;
			compatibilityVersion = "Xcode 9.3";
			developmentRegion = en;
			hasScannedForEncodings = 0;
			knownRegions = (
				en,
				Base,
			);
			mainGroup = 8229A6B22237516900CDACD4;
			productRefGroup = 8229A6BC2237516900CDACD4 /* Products */;
			projectDirPath = "";
			projectRoot = "";
			targets = (
				8229A6BA2237516900CDACD4 /* BTDemo */,
			);
		};
/* End PBXProject section */

/* Begin PBXResourcesBuildPhase section */
		8229A6B92237516900CDACD4 /* Resources */ = {
			isa = PBXResourcesBuildPhase;
			buildActionMask = 2147483647;
			files = (
				8229A6C92237516B00CDACD4 /* LaunchScreen.storyboard in Resources */,
				8229A6C62237516B00CDACD4 /* Assets.xcassets in Resources */,
				8229A6C42237516900CDACD4 /* Main.storyboard in Resources */,
			);
			runOnlyForDeploymentPostprocessing = 0;
		};
/* End PBXResourcesBuildPhase section */

/* Begin PBXSourcesBuildPhase section */
		8229A6B72237516900CDACD4 /* Sources */ = {
			isa = PBXSourcesBuildPhase;
			buildActionMask = 2147483647;
			files = (
				8229A6D1223751FE00CDACD4 /* TrackingManager.swift in Sources */,
				8229A6D52237524700CDACD4 /* BaseTrackingProtocol.swift in Sources */,
				8229A6C12237516900CDACD4 /* ViewController.swift in Sources */,
				8229A6BF2237516900CDACD4 /* AppDelegate.swift in Sources */,
				8229A6D62237524700CDACD4 /* BaseTrackingArea.swift in Sources */,
			);
			runOnlyForDeploymentPostprocessing = 0;
		};
/* End PBXSourcesBuildPhase section */

/* Begin PBXVariantGroup section */
		8229A6C22237516900CDACD4 /* Main.storyboard */ = {
			isa = PBXVariantGroup;
			children = (
				8229A6C32237516900CDACD4 /* Base */,
			);
			name = Main.storyboard;
			sourceTree = "<group>";
		};
		8229A6C72237516B00CDACD4 /* LaunchScreen.storyboard */ = {
			isa = PBXVariantGroup;
			children = (
				8229A6C82237516B00CDACD4 /* Base */,
			);
			name = LaunchScreen.storyboard;
			sourceTree = "<group>";
		};
/* End PBXVariantGroup section */

/* Begin XCBuildConfiguration section */
		8229A6CB2237516B00CDACD4 /* Debug */ = {
			isa = XCBuildConfiguration;
			buildSettings = {
				ALWAYS_SEARCH_USER_PATHS = NO;
				CLANG_ANALYZER_NONNULL = YES;
				CLANG_ANALYZER_NUMBER_OBJECT_CONVERSION = YES_AGGRESSIVE;
				CLANG_CXX_LANGUAGE_STANDARD = "gnu++14";
				CLANG_CXX_LIBRARY = "libc++";
				CLANG_ENABLE_MODULES = YES;
				CLANG_ENABLE_OBJC_ARC = YES;
				CLANG_ENABLE_OBJC_WEAK = YES;
				CLANG_WARN_BLOCK_CAPTURE_AUTORELEASING = YES;
				CLANG_WARN_BOOL_CONVERSION = YES;
				CLANG_WARN_COMMA = YES;
				CLANG_WARN_CONSTANT_CONVERSION = YES;
				CLANG_WARN_DEPRECATED_OBJC_IMPLEMENTATIONS = YES;
				CLANG_WARN_DIRECT_OBJC_ISA_USAGE = YES_ERROR;
				CLANG_WARN_DOCUMENTATION_COMMENTS = YES;
				CLANG_WARN_EMPTY_BODY = YES;
				CLANG_WARN_ENUM_CONVERSION = YES;
				CLANG_WARN_INFINITE_RECURSION = YES;
				CLANG_WARN_INT_CONVERSION = YES;
				CLANG_WARN_NON_LITERAL_NULL_CONVERSION = YES;
				CLANG_WARN_OBJC_IMPLICIT_RETAIN_SELF = YES;
				CLANG_WARN_OBJC_LITERAL_CONVERSION = YES;
				CLANG_WARN_OBJC_ROOT_CLASS = YES_ERROR;
				CLANG_WARN_RANGE_LOOP_ANALYSIS = YES;
				CLANG_WARN_STRICT_PROTOTYPES = YES;
				CLANG_WARN_SUSPICIOUS_MOVE = YES;
				CLANG_WARN_UNGUARDED_AVAILABILITY = YES_AGGRESSIVE;
				CLANG_WARN_UNREACHABLE_CODE = YES;
				CLANG_WARN__DUPLICATE_METHOD_MATCH = YES;
				CODE_SIGN_IDENTITY = "iPhone Developer";
				COPY_PHASE_STRIP = NO;
				DEBUG_INFORMATION_FORMAT = dwarf;
				ENABLE_STRICT_OBJC_MSGSEND = YES;
				ENABLE_TESTABILITY = YES;
				GCC_C_LANGUAGE_STANDARD = gnu11;
				GCC_DYNAMIC_NO_PIC = NO;
				GCC_NO_COMMON_BLOCKS = YES;
				GCC_OPTIMIZATION_LEVEL = 0;
				GCC_PREPROCESSOR_DEFINITIONS = (
					"DEBUG=1",
					"$(inherited)",
				);
				GCC_WARN_64_TO_32_BIT_CONVERSION = YES;
				GCC_WARN_ABOUT_RETURN_TYPE = YES_ERROR;
				GCC_WARN_UNDECLARED_SELECTOR = YES;
				GCC_WARN_UNINITIALIZED_AUTOS = YES_AGGRESSIVE;
				GCC_WARN_UNUSED_FUNCTION = YES;
				GCC_WARN_UNUSED_VARIABLE = YES;
				IPHONEOS_DEPLOYMENT_TARGET = 12.2;
				MTL_ENABLE_DEBUG_INFO = INCLUDE_SOURCE;
				MTL_FAST_MATH = YES;
				ONLY_ACTIVE_ARCH = YES;
				SDKROOT = iphoneos;
				SWIFT_ACTIVE_COMPILATION_CONDITIONS = DEBUG;
				SWIFT_OPTIMIZATION_LEVEL = "-Onone";
			};
			name = Debug;
		};
		8229A6CC2237516B00CDACD4 /* Release */ = {
			isa = XCBuildConfiguration;
			buildSettings = {
				ALWAYS_SEARCH_USER_PATHS = NO;
				CLANG_ANALYZER_NONNULL = YES;
				CLANG_ANALYZER_NUMBER_OBJECT_CONVERSION = YES_AGGRESSIVE;
				CLANG_CXX_LANGUAGE_STANDARD = "gnu++14";
				CLANG_CXX_LIBRARY = "libc++";
				CLANG_ENABLE_MODULES = YES;
				CLANG_ENABLE_OBJC_ARC = YES;
				CLANG_ENABLE_OBJC_WEAK = YES;
				CLANG_WARN_BLOCK_CAPTURE_AUTORELEASING = YES;
				CLANG_WARN_BOOL_CONVERSION = YES;
				CLANG_WARN_COMMA = YES;
				CLANG_WARN_CONSTANT_CONVERSION = YES;
				CLANG_WARN_DEPRECATED_OBJC_IMPLEMENTATIONS = YES;
				CLANG_WARN_DIRECT_OBJC_ISA_USAGE = YES_ERROR;
				CLANG_WARN_DOCUMENTATION_COMMENTS = YES;
				CLANG_WARN_EMPTY_BODY = YES;
				CLANG_WARN_ENUM_CONVERSION = YES;
				CLANG_WARN_INFINITE_RECURSION = YES;
				CLANG_WARN_INT_CONVERSION = YES;
				CLANG_WARN_NON_LITERAL_NULL_CONVERSION = YES;
				CLANG_WARN_OBJC_IMPLICIT_RETAIN_SELF = YES;
				CLANG_WARN_OBJC_LITERAL_CONVERSION = YES;
				CLANG_WARN_OBJC_ROOT_CLASS = YES_ERROR;
				CLANG_WARN_RANGE_LOOP_ANALYSIS = YES;
				CLANG_WARN_STRICT_PROTOTYPES = YES;
				CLANG_WARN_SUSPICIOUS_MOVE = YES;
				CLANG_WARN_UNGUARDED_AVAILABILITY = YES_AGGRESSIVE;
				CLANG_WARN_UNREACHABLE_CODE = YES;
				CLANG_WARN__DUPLICATE_METHOD_MATCH = YES;
				CODE_SIGN_IDENTITY = "iPhone Developer";
				COPY_PHASE_STRIP = NO;
				DEBUG_INFORMATION_FORMAT = "dwarf-with-dsym";
				ENABLE_NS_ASSERTIONS = NO;
				ENABLE_STRICT_OBJC_MSGSEND = YES;
				GCC_C_LANGUAGE_STANDARD = gnu11;
				GCC_NO_COMMON_BLOCKS = YES;
				GCC_WARN_64_TO_32_BIT_CONVERSION = YES;
				GCC_WARN_ABOUT_RETURN_TYPE = YES_ERROR;
				GCC_WARN_UNDECLARED_SELECTOR = YES;
				GCC_WARN_UNINITIALIZED_AUTOS = YES_AGGRESSIVE;
				GCC_WARN_UNUSED_FUNCTION = YES;
				GCC_WARN_UNUSED_VARIABLE = YES;
				IPHONEOS_DEPLOYMENT_TARGET = 12.2;
				MTL_ENABLE_DEBUG_INFO = NO;
				MTL_FAST_MATH = YES;
				SDKROOT = iphoneos;
				SWIFT_COMPILATION_MODE = wholemodule;
				SWIFT_OPTIMIZATION_LEVEL = "-O";
				VALIDATE_PRODUCT = YES;
			};
			name = Release;
		};
		8229A6CE2237516B00CDACD4 /* Debug */ = {
			isa = XCBuildConfiguration;
			buildSettings = {
				ASSETCATALOG_COMPILER_APPICON_NAME = AppIcon;
				CODE_SIGN_STYLE = Automatic;
				INFOPLIST_FILE = BTDemo/Info.plist;
				LD_RUNPATH_SEARCH_PATHS = (
					"$(inherited)",
					"@executable_path/Frameworks",
				);
				PRODUCT_BUNDLE_IDENTIFIER = limadeveloper.BTDemo;
				PRODUCT_NAME = "$(TARGET_NAME)";
				SWIFT_VERSION = 5.0;
				TARGETED_DEVICE_FAMILY = "1,2";
			};
			name = Debug;
		};
		8229A6CF2237516B00CDACD4 /* Release */ = {
			isa = XCBuildConfiguration;
			buildSettings = {
				ASSETCATALOG_COMPILER_APPICON_NAME = AppIcon;
				CODE_SIGN_STYLE = Automatic;
				INFOPLIST_FILE = BTDemo/Info.plist;
				LD_RUNPATH_SEARCH_PATHS = (
					"$(inherited)",
					"@executable_path/Frameworks",
				);
				PRODUCT_BUNDLE_IDENTIFIER = limadeveloper.BTDemo;
				PRODUCT_NAME = "$(TARGET_NAME)";
				SWIFT_VERSION = 5.0;
				TARGETED_DEVICE_FAMILY = "1,2";
			};
			name = Release;
		};
/* End XCBuildConfiguration section */

/* Begin XCConfigurationList section */
		8229A6B62237516900CDACD4 /* Build configuration list for PBXProject "BTDemo" */ = {
			isa = XCConfigurationList;
			buildConfigurations = (
				8229A6CB2237516B00CDACD4 /* Debug */,
				8229A6CC2237516B00CDACD4 /* Release */,
			);
			defaultConfigurationIsVisible = 0;
			defaultConfigurationName = Release;
		};
		8229A6CD2237516B00CDACD4 /* Build configuration list for PBXNativeTarget "BTDemo" */ = {
			isa = XCConfigurationList;
			buildConfigurations = (
				8229A6CE2237516B00CDACD4 /* Debug */,
				8229A6CF2237516B00CDACD4 /* Release */,
			);
			defaultConfigurationIsVisible = 0;
			defaultConfigurationName = Release;
		};
/* End XCConfigurationList section */
	};
	rootObject = 8229A6B32237516900CDACD4 /* Project object */;
}
