PODS:
  - Analytics (4.1.4)
  - BaseTracking (1.0.5)
  - KeychainSwift (19.0.0)
  - LMStorage (1.0.1):
    - KeychainSwift

DEPENDENCIES:
  - Analytics
  - BaseTracking (from `../../../`)
  - LMStorage

SPEC REPOS:
  trunk:
    - Analytics
    - KeychainSwift
    - LMStorage

EXTERNAL SOURCES:
  BaseTracking:
    :path: "../../../"

SPEC CHECKSUMS:
  Analytics: 7bdc735c456434b4eaa2eacdcf122bb03d51ede7
  BaseTracking: f02dd474f474dd2298429c2ad93037a9195cd5d7
  KeychainSwift: a06190cf933ad46b1e0abc3d77d29c06331715c7
  LMStorage: 2ecbdb40eeda05e6a5d324c282b2ff5d684c3387

PODFILE CHECKSUM: cdf4d924ce4794765dea0f5079abd8edaf81e8ee

COCOAPODS: 1.10.1
