// !$*UTF8*$!
{
	archiveVersion = 1;
	classes = {
	};
	objectVersion = 51;
	objects = {

/* Begin PBXBuildFile section */
		1B6E23852691348E00FA96EB /* AppDelegate.swift in Sources */ = {isa = PBXBuildFile; fileRef = 1B6E23842691348E00FA96EB /* AppDelegate.swift */; };
		1B6E238A2691348E00FA96EB /* Main.storyboard in Resources */ = {isa = PBXBuildFile; fileRef = 1B6E23882691348E00FA96EB /* Main.storyboard */; };
		1B6E238C2691348F00FA96EB /* Assets.xcassets in Resources */ = {isa = PBXBuildFile; fileRef = 1B6E238B2691348F00FA96EB /* Assets.xcassets */; };
		1B6E238F2691348F00FA96EB /* LaunchScreen.storyboard in Resources */ = {isa = PBXBuildFile; fileRef = 1B6E238D2691348F00FA96EB /* LaunchScreen.storyboard */; };
		1BBAA5992691370600FA685D /* ProfileController.swift in Sources */ = {isa = PBXBuildFile; fileRef = 1BBAA5942691370600FA685D /* ProfileController.swift */; };
		1BBAA59A2691370600FA685D /* Profile.swift in Sources */ = {isa = PBXBuildFile; fileRef = 1BBAA5962691370600FA685D /* Profile.swift */; };
		1BBAA59B2691370600FA685D /* ProfileTracking.swift in Sources */ = {isa = PBXBuildFile; fileRef = 1BBAA5982691370600FA685D /* ProfileTracking.swift */; };
		1BBAA59F2691370E00FA685D /* TrackingManager.swift in Sources */ = {isa = PBXBuildFile; fileRef = 1BBAA59E2691370E00FA685D /* TrackingManager.swift */; };
		4D344A903699B2D454B79623 /* Pods_SEDemo.framework in Frameworks */ = {isa = PBXBuildFile; fileRef = 9832D1B2B46EEBB5A6E7016E /* Pods_SEDemo.framework */; };
/* End PBXBuildFile section */

/* Begin PBXFileReference section */
		1B6E23812691348E00FA96EB /* SEDemo.app */ = {isa = PBXFileReference; explicitFileType = wrapper.application; includeInIndex = 0; path = SEDemo.app; sourceTree = BUILT_PRODUCTS_DIR; };
		1B6E23842691348E00FA96EB /* AppDelegate.swift */ = {isa = PBXFileReference; lastKnownFileType = sourcecode.swift; path = AppDelegate.swift; sourceTree = "<group>"; };
		1B6E23892691348E00FA96EB /* Base */ = {isa = PBXFileReference; lastKnownFileType = file.storyboard; name = Base; path = Base.lproj/Main.storyboard; sourceTree = "<group>"; };
		1B6E238B2691348F00FA96EB /* Assets.xcassets */ = {isa = PBXFileReference; lastKnownFileType = folder.assetcatalog; path = Assets.xcassets; sourceTree = "<group>"; };
		1B6E238E2691348F00FA96EB /* Base */ = {isa = PBXFileReference; lastKnownFileType = file.storyboard; name = Base; path = Base.lproj/LaunchScreen.storyboard; sourceTree = "<group>"; };
		1B6E23902691348F00FA96EB /* Info.plist */ = {isa = PBXFileReference; lastKnownFileType = text.plist.xml; path = Info.plist; sourceTree = "<group>"; };
		1BBAA5942691370600FA685D /* ProfileController.swift */ = {isa = PBXFileReference; fileEncoding = 4; lastKnownFileType = sourcecode.swift; path = ProfileController.swift; sourceTree = "<group>"; };
		1BBAA5962691370600FA685D /* Profile.swift */ = {isa = PBXFileReference; fileEncoding = 4; lastKnownFileType = sourcecode.swift; path = Profile.swift; sourceTree = "<group>"; };
		1BBAA5982691370600FA685D /* ProfileTracking.swift */ = {isa = PBXFileReference; fileEncoding = 4; lastKnownFileType = sourcecode.swift; path = ProfileTracking.swift; sourceTree = "<group>"; };
		1BBAA59E2691370E00FA685D /* TrackingManager.swift */ = {isa = PBXFileReference; fileEncoding = 4; lastKnownFileType = sourcecode.swift; path = TrackingManager.swift; sourceTree = "<group>"; };
		30745BDB1EF94092BC2AEC77 /* Pods-SEDemo.debug.xcconfig */ = {isa = PBXFileReference; includeInIndex = 1; lastKnownFileType = text.xcconfig; name = "Pods-SEDemo.debug.xcconfig"; path = "Target Support Files/Pods-SEDemo/Pods-SEDemo.debug.xcconfig"; sourceTree = "<group>"; };
		71BB6F71A940401BD8F84CDD /* Pods-SEDemo.release.xcconfig */ = {isa = PBXFileReference; includeInIndex = 1; lastKnownFileType = text.xcconfig; name = "Pods-SEDemo.release.xcconfig"; path = "Target Support Files/Pods-SEDemo/Pods-SEDemo.release.xcconfig"; sourceTree = "<group>"; };
		9832D1B2B46EEBB5A6E7016E /* Pods_SEDemo.framework */ = {isa = PBXFileReference; explicitFileType = wrapper.framework; includeInIndex = 0; path = Pods_SEDemo.framework; sourceTree = BUILT_PRODUCTS_DIR; };
/* End PBXFileReference section */

/* Begin PBXFrameworksBuildPhase section */
		1B6E237E2691348E00FA96EB /* Frameworks */ = {
			isa = PBXFrameworksBuildPhase;
			buildActionMask = 2147483647;
			files = (
				4D344A903699B2D454B79623 /* Pods_SEDemo.framework in Frameworks */,
			);
			runOnlyForDeploymentPostprocessing = 0;
		};
/* End PBXFrameworksBuildPhase section */

/* Begin PBXGroup section */
		1B6E23782691348E00FA96EB = {
			isa = PBXGroup;
			children = (
				1B6E23832691348E00FA96EB /* SEDemo */,
				1B6E23822691348E00FA96EB /* Products */,
				63C18588798D2609C6B55482 /* Pods */,
				506DC607388C31D4ABC8079C /* Frameworks */,
			);
			sourceTree = "<group>";
		};
		1B6E23822691348E00FA96EB /* Products */ = {
			isa = PBXGroup;
			children = (
				1B6E23812691348E00FA96EB /* SEDemo.app */,
			);
			name = Products;
			sourceTree = "<group>";
		};
		1B6E23832691348E00FA96EB /* SEDemo */ = {
			isa = PBXGroup;
			children = (
				1B6E23842691348E00FA96EB /* AppDelegate.swift */,
				1B6E23882691348E00FA96EB /* Main.storyboard */,
				1B6E238D2691348F00FA96EB /* LaunchScreen.storyboard */,
				1B6E23902691348F00FA96EB /* Info.plist */,
				1B6E238B2691348F00FA96EB /* Assets.xcassets */,
				1BBAA59C2691370E00FA685D /* Common */,
				1BBAA5912691370600FA685D /* AppSections */,
			);
			path = SEDemo;
			sourceTree = "<group>";
		};
		1BBAA5912691370600FA685D /* AppSections */ = {
			isa = PBXGroup;
			children = (
				1BBAA5922691370600FA685D /* Profile */,
			);
			path = AppSections;
			sourceTree = "<group>";
		};
		1BBAA5922691370600FA685D /* Profile */ = {
			isa = PBXGroup;
			children = (
				1BBAA5932691370600FA685D /* Controller */,
				1BBAA5952691370600FA685D /* Model */,
				1BBAA5972691370600FA685D /* Analytics */,
			);
			path = Profile;
			sourceTree = "<group>";
		};
		1BBAA5932691370600FA685D /* Controller */ = {
			isa = PBXGroup;
			children = (
				1BBAA5942691370600FA685D /* ProfileController.swift */,
			);
			path = Controller;
			sourceTree = "<group>";
		};
		1BBAA5952691370600FA685D /* Model */ = {
			isa = PBXGroup;
			children = (
				1BBAA5962691370600FA685D /* Profile.swift */,
			);
			path = Model;
			sourceTree = "<group>";
		};
		1BBAA5972691370600FA685D /* Analytics */ = {
			isa = PBXGroup;
			children = (
				1BBAA5982691370600FA685D /* ProfileTracking.swift */,
			);
			path = Analytics;
			sourceTree = "<group>";
		};
		1BBAA59C2691370E00FA685D /* Common */ = {
			isa = PBXGroup;
			children = (
				1BBAA59D2691370E00FA685D /* Manager */,
			);
			path = Common;
			sourceTree = "<group>";
		};
		1BBAA59D2691370E00FA685D /* Manager */ = {
			isa = PBXGroup;
			children = (
				1BBAA59E2691370E00FA685D /* TrackingManager.swift */,
			);
			path = Manager;
			sourceTree = "<group>";
		};
		506DC607388C31D4ABC8079C /* Frameworks */ = {
			isa = PBXGroup;
			children = (
				9832D1B2B46EEBB5A6E7016E /* Pods_SEDemo.framework */,
			);
			name = Frameworks;
			sourceTree = "<group>";
		};
		63C18588798D2609C6B55482 /* Pods */ = {
			isa = PBXGroup;
			children = (
				30745BDB1EF94092BC2AEC77 /* Pods-SEDemo.debug.xcconfig */,
				71BB6F71A940401BD8F84CDD /* Pods-SEDemo.release.xcconfig */,
			);
			path = Pods;
			sourceTree = "<group>";
		};
/* End PBXGroup section */

/* Begin PBXNativeTarget section */
		1B6E23802691348E00FA96EB /* SEDemo */ = {
			isa = PBXNativeTarget;
			buildConfigurationList = 1B6E23932691348F00FA96EB /* Build configuration list for PBXNativeTarget "SEDemo" */;
			buildPhases = (
				B8375739E37AFD7B63ECC024 /* [CP] Check Pods Manifest.lock */,
				1B6E237D2691348E00FA96EB /* Sources */,
				1B6E237E2691348E00FA96EB /* Frameworks */,
				1B6E237F2691348E00FA96EB /* Resources */,
				232324D6801A461F1AFA8C3C /* [CP] Embed Pods Frameworks */,
			);
			buildRules = (
			);
			dependencies = (
			);
			name = SEDemo;
			productName = SEDemo;
			productReference = 1B6E23812691348E00FA96EB /* SEDemo.app */;
			productType = "com.apple.product-type.application";
		};
/* End PBXNativeTarget section */

/* Begin PBXProject section */
		1B6E23792691348E00FA96EB /* Project object */ = {
			isa = PBXProject;
			attributes = {
				LastSwiftUpdateCheck = 1250;
				LastUpgradeCheck = 1250;
				TargetAttributes = {
					1B6E23802691348E00FA96EB = {
						CreatedOnToolsVersion = 12.5.1;
					};
				};
			};
			buildConfigurationList = 1B6E237C2691348E00FA96EB /* Build configuration list for PBXProject "SEDemo" */;
			compatibilityVersion = "Xcode 9.3";
			developmentRegion = en;
			hasScannedForEncodings = 0;
			knownRegions = (
				en,
				Base,
			);
			mainGroup = 1B6E23782691348E00FA96EB;
			productRefGroup = 1B6E23822691348E00FA96EB /* Products */;
			projectDirPath = "";
			projectRoot = "";
			targets = (
				1B6E23802691348E00FA96EB /* SEDemo */,
			);
		};
/* End PBXProject section */

/* Begin PBXResourcesBuildPhase section */
		1B6E237F2691348E00FA96EB /* Resources */ = {
			isa = PBXResourcesBuildPhase;
			buildActionMask = 2147483647;
			files = (
				1B6E238F2691348F00FA96EB /* LaunchScreen.storyboard in Resources */,
				1B6E238C2691348F00FA96EB /* Assets.xcassets in Resources */,
				1B6E238A2691348E00FA96EB /* Main.storyboard in Resources */,
			);
			runOnlyForDeploymentPostprocessing = 0;
		};
/* End PBXResourcesBuildPhase section */

/* Begin PBXShellScriptBuildPhase section */
		232324D6801A461F1AFA8C3C /* [CP] Embed Pods Frameworks */ = {
			isa = PBXShellScriptBuildPhase;
			buildActionMask = 2147483647;
			files = (
			);
			inputFileListPaths = (
				"${PODS_ROOT}/Target Support Files/Pods-SEDemo/Pods-SEDemo-frameworks-${CONFIGURATION}-input-files.xcfilelist",
			);
			name = "[CP] Embed Pods Frameworks";
			outputFileListPaths = (
				"${PODS_ROOT}/Target Support Files/Pods-SEDemo/Pods-SEDemo-frameworks-${CONFIGURATION}-output-files.xcfilelist",
			);
			runOnlyForDeploymentPostprocessing = 0;
			shellPath = /bin/sh;
			shellScript = "\"${PODS_ROOT}/Target Support Files/Pods-SEDemo/Pods-SEDemo-frameworks.sh\"\n";
			showEnvVarsInLog = 0;
		};
		B8375739E37AFD7B63ECC024 /* [CP] Check Pods Manifest.lock */ = {
			isa = PBXShellScriptBuildPhase;
			buildActionMask = 2147483647;
			files = (
			);
			inputFileListPaths = (
			);
			inputPaths = (
				"${PODS_PODFILE_DIR_PATH}/Podfile.lock",
				"${PODS_ROOT}/Manifest.lock",
			);
			name = "[CP] Check Pods Manifest.lock";
			outputFileListPaths = (
			);
			outputPaths = (
				"$(DERIVED_FILE_DIR)/Pods-SEDemo-checkManifestLockResult.txt",
			);
			runOnlyForDeploymentPostprocessing = 0;
			shellPath = /bin/sh;
			shellScript = "diff \"${PODS_PODFILE_DIR_PATH}/Podfile.lock\" \"${PODS_ROOT}/Manifest.lock\" > /dev/null\nif [ $? != 0 ] ; then\n    # print error to STDERR\n    echo \"error: The sandbox is not in sync with the Podfile.lock. Run 'pod install' or update your CocoaPods installation.\" >&2\n    exit 1\nfi\n# This output is used by Xcode 'outputs' to avoid re-running this script phase.\necho \"SUCCESS\" > \"${SCRIPT_OUTPUT_FILE_0}\"\n";
			showEnvVarsInLog = 0;
		};
/* End PBXShellScriptBuildPhase section */

/* Begin PBXSourcesBuildPhase section */
		1B6E237D2691348E00FA96EB /* Sources */ = {
			isa = PBXSourcesBuildPhase;
			buildActionMask = 2147483647;
			files = (
				1BBAA59F2691370E00FA685D /* TrackingManager.swift in Sources */,
				1BBAA59B2691370600FA685D /* ProfileTracking.swift in Sources */,
				1BBAA59A2691370600FA685D /* Profile.swift in Sources */,
				1B6E23852691348E00FA96EB /* AppDelegate.swift in Sources */,
				1BBAA5992691370600FA685D /* ProfileController.swift in Sources */,
			);
			runOnlyForDeploymentPostprocessing = 0;
		};
/* End PBXSourcesBuildPhase section */

/* Begin PBXVariantGroup section */
		1B6E23882691348E00FA96EB /* Main.storyboard */ = {
			isa = PBXVariantGroup;
			children = (
				1B6E23892691348E00FA96EB /* Base */,
			);
			name = Main.storyboard;
			sourceTree = "<group>";
		};
		1B6E238D2691348F00FA96EB /* LaunchScreen.storyboard */ = {
			isa = PBXVariantGroup;
			children = (
				1B6E238E2691348F00FA96EB /* Base */,
			);
			name = LaunchScreen.storyboard;
			sourceTree = "<group>";
		};
/* End PBXVariantGroup section */

/* Begin XCBuildConfiguration section */
		1B6E23912691348F00FA96EB /* Debug */ = {
			isa = XCBuildConfiguration;
			buildSettings = {
				ALWAYS_SEARCH_USER_PATHS = NO;
				CLANG_ANALYZER_NONNULL = YES;
				CLANG_ANALYZER_NUMBER_OBJECT_CONVERSION = YES_AGGRESSIVE;
				CLANG_CXX_LANGUAGE_STANDARD = "gnu++14";
				CLANG_CXX_LIBRARY = "libc++";
				CLANG_ENABLE_MODULES = YES;
				CLANG_ENABLE_OBJC_ARC = YES;
				CLANG_ENABLE_OBJC_WEAK = YES;
				CLANG_WARN_BLOCK_CAPTURE_AUTORELEASING = YES;
				CLANG_WARN_BOOL_CONVERSION = YES;
				CLANG_WARN_COMMA = YES;
				CLANG_WARN_CONSTANT_CONVERSION = YES;
				CLANG_WARN_DEPRECATED_OBJC_IMPLEMENTATIONS = YES;
				CLANG_WARN_DIRECT_OBJC_ISA_USAGE = YES_ERROR;
				CLANG_WARN_DOCUMENTATION_COMMENTS = YES;
				CLANG_WARN_EMPTY_BODY = YES;
				CLANG_WARN_ENUM_CONVERSION = YES;
				CLANG_WARN_INFINITE_RECURSION = YES;
				CLANG_WARN_INT_CONVERSION = YES;
				CLANG_WARN_NON_LITERAL_NULL_CONVERSION = YES;
				CLANG_WARN_OBJC_IMPLICIT_RETAIN_SELF = YES;
				CLANG_WARN_OBJC_LITERAL_CONVERSION = YES;
				CLANG_WARN_OBJC_ROOT_CLASS = YES_ERROR;
				CLANG_WARN_QUOTED_INCLUDE_IN_FRAMEWORK_HEADER = YES;
				CLANG_WARN_RANGE_LOOP_ANALYSIS = YES;
				CLANG_WARN_STRICT_PROTOTYPES = YES;
				CLANG_WARN_SUSPICIOUS_MOVE = YES;
				CLANG_WARN_UNGUARDED_AVAILABILITY = YES_AGGRESSIVE;
				CLANG_WARN_UNREACHABLE_CODE = YES;
				CLANG_WARN__DUPLICATE_METHOD_MATCH = YES;
				COPY_PHASE_STRIP = NO;
				DEBUG_INFORMATION_FORMAT = dwarf;
				ENABLE_STRICT_OBJC_MSGSEND = YES;
				ENABLE_TESTABILITY = YES;
				GCC_C_LANGUAGE_STANDARD = gnu11;
				GCC_DYNAMIC_NO_PIC = NO;
				GCC_NO_COMMON_BLOCKS = YES;
				GCC_OPTIMIZATION_LEVEL = 0;
				GCC_PREPROCESSOR_DEFINITIONS = (
					"DEBUG=1",
					"$(inherited)",
				);
				GCC_WARN_64_TO_32_BIT_CONVERSION = YES;
				GCC_WARN_ABOUT_RETURN_TYPE = YES_ERROR;
				GCC_WARN_UNDECLARED_SELECTOR = YES;
				GCC_WARN_UNINITIALIZED_AUTOS = YES_AGGRESSIVE;
				GCC_WARN_UNUSED_FUNCTION = YES;
				GCC_WARN_UNUSED_VARIABLE = YES;
				MTL_ENABLE_DEBUG_INFO = INCLUDE_SOURCE;
				MTL_FAST_MATH = YES;
				ONLY_ACTIVE_ARCH = YES;
				SDKROOT = appletvos;
				SWIFT_ACTIVE_COMPILATION_CONDITIONS = DEBUG;
				SWIFT_OPTIMIZATION_LEVEL = "-Onone";
				TVOS_DEPLOYMENT_TARGET = 14.5;
			};
			name = Debug;
		};
		1B6E23922691348F00FA96EB /* Release */ = {
			isa = XCBuildConfiguration;
			buildSettings = {
				ALWAYS_SEARCH_USER_PATHS = NO;
				CLANG_ANALYZER_NONNULL = YES;
				CLANG_ANALYZER_NUMBER_OBJECT_CONVERSION = YES_AGGRESSIVE;
				CLANG_CXX_LANGUAGE_STANDARD = "gnu++14";
				CLANG_CXX_LIBRARY = "libc++";
				CLANG_ENABLE_MODULES = YES;
				CLANG_ENABLE_OBJC_ARC = YES;
				CLANG_ENABLE_OBJC_WEAK = YES;
				CLANG_WARN_BLOCK_CAPTURE_AUTORELEASING = YES;
				CLANG_WARN_BOOL_CONVERSION = YES;
				CLANG_WARN_COMMA = YES;
				CLANG_WARN_CONSTANT_CONVERSION = YES;
				CLANG_WARN_DEPRECATED_OBJC_IMPLEMENTATIONS = YES;
				CLANG_WARN_DIRECT_OBJC_ISA_USAGE = YES_ERROR;
				CLANG_WARN_DOCUMENTATION_COMMENTS = YES;
				CLANG_WARN_EMPTY_BODY = YES;
				CLANG_WARN_ENUM_CONVERSION = YES;
				CLANG_WARN_INFINITE_RECURSION = YES;
				CLANG_WARN_INT_CONVERSION = YES;
				CLANG_WARN_NON_LITERAL_NULL_CONVERSION = YES;
				CLANG_WARN_OBJC_IMPLICIT_RETAIN_SELF = YES;
				CLANG_WARN_OBJC_LITERAL_CONVERSION = YES;
				CLANG_WARN_OBJC_ROOT_CLASS = YES_ERROR;
				CLANG_WARN_QUOTED_INCLUDE_IN_FRAMEWORK_HEADER = YES;
				CLANG_WARN_RANGE_LOOP_ANALYSIS = YES;
				CLANG_WARN_STRICT_PROTOTYPES = YES;
				CLANG_WARN_SUSPICIOUS_MOVE = YES;
				CLANG_WARN_UNGUARDED_AVAILABILITY = YES_AGGRESSIVE;
				CLANG_WARN_UNREACHABLE_CODE = YES;
				CLANG_WARN__DUPLICATE_METHOD_MATCH = YES;
				COPY_PHASE_STRIP = NO;
				DEBUG_INFORMATION_FORMAT = "dwarf-with-dsym";
				ENABLE_NS_ASSERTIONS = NO;
				ENABLE_STRICT_OBJC_MSGSEND = YES;
				GCC_C_LANGUAGE_STANDARD = gnu11;
				GCC_NO_COMMON_BLOCKS = YES;
				GCC_WARN_64_TO_32_BIT_CONVERSION = YES;
				GCC_WARN_ABOUT_RETURN_TYPE = YES_ERROR;
				GCC_WARN_UNDECLARED_SELECTOR = YES;
				GCC_WARN_UNINITIALIZED_AUTOS = YES_AGGRESSIVE;
				GCC_WARN_UNUSED_FUNCTION = YES;
				GCC_WARN_UNUSED_VARIABLE = YES;
				MTL_ENABLE_DEBUG_INFO = NO;
				MTL_FAST_MATH = YES;
				SDKROOT = appletvos;
				SWIFT_COMPILATION_MODE = wholemodule;
				SWIFT_OPTIMIZATION_LEVEL = "-O";
				TVOS_DEPLOYMENT_TARGET = 14.5;
				VALIDATE_PRODUCT = YES;
			};
			name = Release;
		};
		1B6E23942691348F00FA96EB /* Debug */ = {
			isa = XCBuildConfiguration;
			baseConfigurationReference = 30745BDB1EF94092BC2AEC77 /* Pods-SEDemo.debug.xcconfig */;
			buildSettings = {
				ASSETCATALOG_COMPILER_APPICON_NAME = "App Icon & Top Shelf Image";
				ASSETCATALOG_COMPILER_GLOBAL_ACCENT_COLOR_NAME = AccentColor;
				CODE_SIGN_STYLE = Automatic;
				INFOPLIST_FILE = SEDemo/Info.plist;
				LD_RUNPATH_SEARCH_PATHS = (
					"$(inherited)",
					"@executable_path/Frameworks",
				);
				PRODUCT_BUNDLE_IDENTIFIER = thejohnlima.SEDemo;
				PRODUCT_NAME = "$(TARGET_NAME)";
				SWIFT_VERSION = 5.0;
				TARGETED_DEVICE_FAMILY = 3;
			};
			name = Debug;
		};
		1B6E23952691348F00FA96EB /* Release */ = {
			isa = XCBuildConfiguration;
			baseConfigurationReference = 71BB6F71A940401BD8F84CDD /* Pods-SEDemo.release.xcconfig */;
			buildSettings = {
				ASSETCATALOG_COMPILER_APPICON_NAME = "App Icon & Top Shelf Image";
				ASSETCATALOG_COMPILER_GLOBAL_ACCENT_COLOR_NAME = AccentColor;
				CODE_SIGN_STYLE = Automatic;
				INFOPLIST_FILE = SEDemo/Info.plist;
				LD_RUNPATH_SEARCH_PATHS = (
					"$(inherited)",
					"@executable_path/Frameworks",
				);
				PRODUCT_BUNDLE_IDENTIFIER = thejohnlima.SEDemo;
				PRODUCT_NAME = "$(TARGET_NAME)";
				SWIFT_VERSION = 5.0;
				TARGETED_DEVICE_FAMILY = 3;
			};
			name = Release;
		};
/* End XCBuildConfiguration section */

/* Begin XCConfigurationList section */
		1B6E237C2691348E00FA96EB /* Build configuration list for PBXProject "SEDemo" */ = {
			isa = XCConfigurationList;
			buildConfigurations = (
				1B6E23912691348F00FA96EB /* Debug */,
				1B6E23922691348F00FA96EB /* Release */,
			);
			defaultConfigurationIsVisible = 0;
			defaultConfigurationName = Release;
		};
		1B6E23932691348F00FA96EB /* Build configuration list for PBXNativeTarget "SEDemo" */ = {
			isa = XCConfigurationList;
			buildConfigurations = (
				1B6E23942691348F00FA96EB /* Debug */,
				1B6E23952691348F00FA96EB /* Release */,
			);
			defaultConfigurationIsVisible = 0;
			defaultConfigurationName = Release;
		};
/* End XCConfigurationList section */
	};
	rootObject = 1B6E23792691348E00FA96EB /* Project object */;
}
