PODS:
  - BaseTracking (1.0.2)
  - GoogleAnalytics (3.17.0)

DEPENDENCIES:
  - BaseTracking (from `https://github.com/limadeveloper/BaseTracking.git`, branch `feature/spm_support`)
  - GoogleAnalytics

SPEC REPOS:
  https://github.com/cocoapods/specs.git:
    - GoogleAnalytics

EXTERNAL SOURCES:
  BaseTracking:
    :branch: feature/spm_support
    :git: https://github.com/limadeveloper/BaseTracking.git

CHECKOUT OPTIONS:
  BaseTracking:
    :commit: daef28ec148252ec9b77693efaa7d51b6b6dec50
    :git: https://github.com/limadeveloper/BaseTracking.git

SPEC CHECKSUMS:
  BaseTracking: 7e30ffa4a0c1ca0754f1e99947873df768758b21
  GoogleAnalytics: f42cc53a87a51fe94334821868d9c8481ff47a7b

PODFILE CHECKSUM: fe8391c790d2752893e9b128045d9227f66607e5

COCOAPODS: 1.7.5
