PODS:
  - BaseTracking (1.0.3)
  - GoogleAnalytics (3.17.0)

DEPENDENCIES:
  - BaseTracking (from `../../`)
  - GoogleAnalytics

SPEC REPOS:
  https://github.com/CocoaPods/Specs.git:
    - GoogleAnalytics

EXTERNAL SOURCES:
  BaseTracking:
    :path: "../../"

SPEC CHECKSUMS:
  BaseTracking: 705f48f5362e610d6ecdd4c3946a2d33ed5ba38e
  GoogleAnalytics: f42cc53a87a51fe94334821868d9c8481ff47a7b

PODFILE CHECKSUM: a5111ef7c466a92f3157e15be81200122866369b

COCOAPODS: 1.10.1
