// !$*UTF8*$!
{
	archiveVersion = 1;
	classes = {
	};
	objectVersion = 51;
	objects = {

/* Begin PBXBuildFile section */
		1BB1DE972312D91C0080F4E4 /* GoogleService-Info.plist in Resources */ = {isa = PBXBuildFile; fileRef = 1BB1DE962312D91C0080F4E4 /* GoogleService-Info.plist */; };
		8229A6BF2237516900CDACD4 /* AppDelegate.swift in Sources */ = {isa = PBXBuildFile; fileRef = 8229A6BE2237516900CDACD4 /* AppDelegate.swift */; };
		8229A6C12237516900CDACD4 /* HomeViewController.swift in Sources */ = {isa = PBXBuildFile; fileRef = 8229A6C02237516900CDACD4 /* HomeViewController.swift */; };
		8229A6C42237516900CDACD4 /* Main.storyboard in Resources */ = {isa = PBXBuildFile; fileRef = 8229A6C22237516900CDACD4 /* Main.storyboard */; };
		8229A6C62237516B00CDACD4 /* Assets.xcassets in Resources */ = {isa = PBXBuildFile; fileRef = 8229A6C52237516B00CDACD4 /* Assets.xcassets */; };
		8229A6C92237516B00CDACD4 /* LaunchScreen.storyboard in Resources */ = {isa = PBXBuildFile; fileRef = 8229A6C72237516B00CDACD4 /* LaunchScreen.storyboard */; };
		8229A6D1223751FE00CDACD4 /* TrackingManager.swift in Sources */ = {isa = PBXBuildFile; fileRef = 8229A6D0223751FE00CDACD4 /* TrackingManager.swift */; };
		822D622F2238A28E0024009B /* HomeTracking.swift in Sources */ = {isa = PBXBuildFile; fileRef = 822D622E2238A28E0024009B /* HomeTracking.swift */; };
		BD38A1A8E31FAD76B488E05A /* Pods_FADemo.framework in Frameworks */ = {isa = PBXBuildFile; fileRef = EB5B6531F92698BEFA208F61 /* Pods_FADemo.framework */; };
/* End PBXBuildFile section */

/* Begin PBXFileReference section */
		1BB1DE962312D91C0080F4E4 /* GoogleService-Info.plist */ = {isa = PBXFileReference; fileEncoding = 4; lastKnownFileType = text.plist.xml; path = "GoogleService-Info.plist"; sourceTree = "<group>"; };
		339E9680E7D37E0C10AD6038 /* Pods-FADemo.release.xcconfig */ = {isa = PBXFileReference; includeInIndex = 1; lastKnownFileType = text.xcconfig; name = "Pods-FADemo.release.xcconfig"; path = "Target Support Files/Pods-FADemo/Pods-FADemo.release.xcconfig"; sourceTree = "<group>"; };
		8229A6BB2237516900CDACD4 /* FADemo.app */ = {isa = PBXFileReference; explicitFileType = wrapper.application; includeInIndex = 0; path = FADemo.app; sourceTree = BUILT_PRODUCTS_DIR; };
		8229A6BE2237516900CDACD4 /* AppDelegate.swift */ = {isa = PBXFileReference; lastKnownFileType = sourcecode.swift; path = AppDelegate.swift; sourceTree = "<group>"; };
		8229A6C02237516900CDACD4 /* HomeViewController.swift */ = {isa = PBXFileReference; lastKnownFileType = sourcecode.swift; path = HomeViewController.swift; sourceTree = "<group>"; };
		8229A6C32237516900CDACD4 /* Base */ = {isa = PBXFileReference; lastKnownFileType = file.storyboard; name = Base; path = Base.lproj/Main.storyboard; sourceTree = "<group>"; };
		8229A6C52237516B00CDACD4 /* Assets.xcassets */ = {isa = PBXFileReference; lastKnownFileType = folder.assetcatalog; path = Assets.xcassets; sourceTree = "<group>"; };
		8229A6C82237516B00CDACD4 /* Base */ = {isa = PBXFileReference; lastKnownFileType = file.storyboard; name = Base; path = Base.lproj/LaunchScreen.storyboard; sourceTree = "<group>"; };
		8229A6CA2237516B00CDACD4 /* Info.plist */ = {isa = PBXFileReference; lastKnownFileType = text.plist.xml; path = Info.plist; sourceTree = "<group>"; };
		8229A6D0223751FE00CDACD4 /* TrackingManager.swift */ = {isa = PBXFileReference; lastKnownFileType = sourcecode.swift; path = TrackingManager.swift; sourceTree = "<group>"; };
		822D622E2238A28E0024009B /* HomeTracking.swift */ = {isa = PBXFileReference; lastKnownFileType = sourcecode.swift; path = HomeTracking.swift; sourceTree = "<group>"; };
		897340531D2AE23C38D985F7 /* Pods-FADemo.debug.xcconfig */ = {isa = PBXFileReference; includeInIndex = 1; lastKnownFileType = text.xcconfig; name = "Pods-FADemo.debug.xcconfig"; path = "Target Support Files/Pods-FADemo/Pods-FADemo.debug.xcconfig"; sourceTree = "<group>"; };
		EB5B6531F92698BEFA208F61 /* Pods_FADemo.framework */ = {isa = PBXFileReference; explicitFileType = wrapper.framework; includeInIndex = 0; path = Pods_FADemo.framework; sourceTree = BUILT_PRODUCTS_DIR; };
/* End PBXFileReference section */

/* Begin PBXFrameworksBuildPhase section */
		8229A6B82237516900CDACD4 /* Frameworks */ = {
			isa = PBXFrameworksBuildPhase;
			buildActionMask = 2147483647;
			files = (
				BD38A1A8E31FAD76B488E05A /* Pods_FADemo.framework in Frameworks */,
			);
			runOnlyForDeploymentPostprocessing = 0;
		};
/* End PBXFrameworksBuildPhase section */

/* Begin PBXGroup section */
		1B91199126640D4A0007051E /* AppSections */ = {
			isa = PBXGroup;
			children = (
				1B91199226640D570007051E /* Home */,
			);
			path = AppSections;
			sourceTree = "<group>";
		};
		1B91199226640D570007051E /* Home */ = {
			isa = PBXGroup;
			children = (
				1B91199326640D5F0007051E /* Controller */,
				1B91199426640D790007051E /* Analytics */,
			);
			path = Home;
			sourceTree = "<group>";
		};
		1B91199326640D5F0007051E /* Controller */ = {
			isa = PBXGroup;
			children = (
				8229A6C02237516900CDACD4 /* HomeViewController.swift */,
			);
			path = Controller;
			sourceTree = "<group>";
		};
		1B91199426640D790007051E /* Analytics */ = {
			isa = PBXGroup;
			children = (
				822D622E2238A28E0024009B /* HomeTracking.swift */,
			);
			path = Analytics;
			sourceTree = "<group>";
		};
		1B91199526640D910007051E /* Common */ = {
			isa = PBXGroup;
			children = (
				1B91199626640DA00007051E /* Manager */,
			);
			path = Common;
			sourceTree = "<group>";
		};
		1B91199626640DA00007051E /* Manager */ = {
			isa = PBXGroup;
			children = (
				8229A6D0223751FE00CDACD4 /* TrackingManager.swift */,
			);
			path = Manager;
			sourceTree = "<group>";
		};
		8229A6B22237516900CDACD4 = {
			isa = PBXGroup;
			children = (
				8229A6BD2237516900CDACD4 /* FADemo */,
				8229A6BC2237516900CDACD4 /* Products */,
				9F9E6EA3E73B5745855BEB83 /* Pods */,
				D65A51E06DB66B044B18EF99 /* Frameworks */,
			);
			sourceTree = "<group>";
		};
		8229A6BC2237516900CDACD4 /* Products */ = {
			isa = PBXGroup;
			children = (
				8229A6BB2237516900CDACD4 /* FADemo.app */,
			);
			name = Products;
			sourceTree = "<group>";
		};
		8229A6BD2237516900CDACD4 /* FADemo */ = {
			isa = PBXGroup;
			children = (
				8229A6BE2237516900CDACD4 /* AppDelegate.swift */,
				8229A6C22237516900CDACD4 /* Main.storyboard */,
				8229A6C72237516B00CDACD4 /* LaunchScreen.storyboard */,
				8229A6CA2237516B00CDACD4 /* Info.plist */,
				1BB1DE962312D91C0080F4E4 /* GoogleService-Info.plist */,
				8229A6C52237516B00CDACD4 /* Assets.xcassets */,
				1B91199526640D910007051E /* Common */,
				1B91199126640D4A0007051E /* AppSections */,
			);
			path = FADemo;
			sourceTree = "<group>";
		};
		9F9E6EA3E73B5745855BEB83 /* Pods */ = {
			isa = PBXGroup;
			children = (
				897340531D2AE23C38D985F7 /* Pods-FADemo.debug.xcconfig */,
				339E9680E7D37E0C10AD6038 /* Pods-FADemo.release.xcconfig */,
			);
			path = Pods;
			sourceTree = "<group>";
		};
		D65A51E06DB66B044B18EF99 /* Frameworks */ = {
			isa = PBXGroup;
			children = (
				EB5B6531F92698BEFA208F61 /* Pods_FADemo.framework */,
			);
			name = Frameworks;
			sourceTree = "<group>";
		};
/* End PBXGroup section */

/* Begin PBXNativeTarget section */
		8229A6BA2237516900CDACD4 /* FADemo */ = {
			isa = PBXNativeTarget;
			buildConfigurationList = 8229A6CD2237516B00CDACD4 /* Build configuration list for PBXNativeTarget "FADemo" */;
			buildPhases = (
				3E7034DB652C982F53D86575 /* [CP] Check Pods Manifest.lock */,
				8229A6B72237516900CDACD4 /* Sources */,
				8229A6B82237516900CDACD4 /* Frameworks */,
				8229A6B92237516900CDACD4 /* Resources */,
				912149859AC2F3BC1DD91CE2 /* [CP] Embed Pods Frameworks */,
			);
			buildRules = (
			);
			dependencies = (
			);
			name = FADemo;
			packageProductDependencies = (
			);
			productName = FADemo;
			productReference = 8229A6BB2237516900CDACD4 /* FADemo.app */;
			productType = "com.apple.product-type.application";
		};
/* End PBXNativeTarget section */

/* Begin PBXProject section */
		8229A6B32237516900CDACD4 /* Project object */ = {
			isa = PBXProject;
			attributes = {
				LastSwiftUpdateCheck = 1020;
				LastUpgradeCheck = 1250;
				ORGANIZATIONNAME = thejohnlima;
				TargetAttributes = {
					8229A6BA2237516900CDACD4 = {
						CreatedOnToolsVersion = 10.2;
						LastSwiftMigration = 1020;
					};
				};
			};
			buildConfigurationList = 8229A6B62237516900CDACD4 /* Build configuration list for PBXProject "FADemo" */;
			compatibilityVersion = "Xcode 9.3";
			developmentRegion = en;
			hasScannedForEncodings = 0;
			knownRegions = (
				en,
				Base,
			);
			mainGroup = 8229A6B22237516900CDACD4;
			packageReferences = (
			);
			productRefGroup = 8229A6BC2237516900CDACD4 /* Products */;
			projectDirPath = "";
			projectRoot = "";
			targets = (
				8229A6BA2237516900CDACD4 /* FADemo */,
			);
		};
/* End PBXProject section */

/* Begin PBXResourcesBuildPhase section */
		8229A6B92237516900CDACD4 /* Resources */ = {
			isa = PBXResourcesBuildPhase;
			buildActionMask = 2147483647;
			files = (
				8229A6C92237516B00CDACD4 /* LaunchScreen.storyboard in Resources */,
				1BB1DE972312D91C0080F4E4 /* GoogleService-Info.plist in Resources */,
				8229A6C62237516B00CDACD4 /* Assets.xcassets in Resources */,
				8229A6C42237516900CDACD4 /* Main.storyboard in Resources */,
			);
			runOnlyForDeploymentPostprocessing = 0;
		};
/* End PBXResourcesBuildPhase section */

/* Begin PBXShellScriptBuildPhase section */
		3E7034DB652C982F53D86575 /* [CP] Check Pods Manifest.lock */ = {
			isa = PBXShellScriptBuildPhase;
			buildActionMask = 2147483647;
			files = (
			);
			inputFileListPaths = (
			);
			inputPaths = (
				"${PODS_PODFILE_DIR_PATH}/Podfile.lock",
				"${PODS_ROOT}/Manifest.lock",
			);
			name = "[CP] Check Pods Manifest.lock";
			outputFileListPaths = (
			);
			outputPaths = (
				"$(DERIVED_FILE_DIR)/Pods-FADemo-checkManifestLockResult.txt",
			);
			runOnlyForDeploymentPostprocessing = 0;
			shellPath = /bin/sh;
			shellScript = "diff \"${PODS_PODFILE_DIR_PATH}/Podfile.lock\" \"${PODS_ROOT}/Manifest.lock\" > /dev/null\nif [ $? != 0 ] ; then\n    # print error to STDERR\n    echo \"error: The sandbox is not in sync with the Podfile.lock. Run 'pod install' or update your CocoaPods installation.\" >&2\n    exit 1\nfi\n# This output is used by Xcode 'outputs' to avoid re-running this script phase.\necho \"SUCCESS\" > \"${SCRIPT_OUTPUT_FILE_0}\"\n";
			showEnvVarsInLog = 0;
		};
		912149859AC2F3BC1DD91CE2 /* [CP] Embed Pods Frameworks */ = {
			isa = PBXShellScriptBuildPhase;
			buildActionMask = 2147483647;
			files = (
			);
			inputFileListPaths = (
				"${PODS_ROOT}/Target Support Files/Pods-FADemo/Pods-FADemo-frameworks-${CONFIGURATION}-input-files.xcfilelist",
			);
			name = "[CP] Embed Pods Frameworks";
			outputFileListPaths = (
				"${PODS_ROOT}/Target Support Files/Pods-FADemo/Pods-FADemo-frameworks-${CONFIGURATION}-output-files.xcfilelist",
			);
			runOnlyForDeploymentPostprocessing = 0;
			shellPath = /bin/sh;
			shellScript = "\"${PODS_ROOT}/Target Support Files/Pods-FADemo/Pods-FADemo-frameworks.sh\"\n";
			showEnvVarsInLog = 0;
		};
/* End PBXShellScriptBuildPhase section */

/* Begin PBXSourcesBuildPhase section */
		8229A6B72237516900CDACD4 /* Sources */ = {
			isa = PBXSourcesBuildPhase;
			buildActionMask = 2147483647;
			files = (
				8229A6D1223751FE00CDACD4 /* TrackingManager.swift in Sources */,
				822D622F2238A28E0024009B /* HomeTracking.swift in Sources */,
				8229A6C12237516900CDACD4 /* HomeViewController.swift in Sources */,
				8229A6BF2237516900CDACD4 /* AppDelegate.swift in Sources */,
			);
			runOnlyForDeploymentPostprocessing = 0;
		};
/* End PBXSourcesBuildPhase section */

/* Begin PBXVariantGroup section */
		8229A6C22237516900CDACD4 /* Main.storyboard */ = {
			isa = PBXVariantGroup;
			children = (
				8229A6C32237516900CDACD4 /* Base */,
			);
			name = Main.storyboard;
			sourceTree = "<group>";
		};
		8229A6C72237516B00CDACD4 /* LaunchScreen.storyboard */ = {
			isa = PBXVariantGroup;
			children = (
				8229A6C82237516B00CDACD4 /* Base */,
			);
			name = LaunchScreen.storyboard;
			sourceTree = "<group>";
		};
/* End PBXVariantGroup section */

/* Begin XCBuildConfiguration section */
		8229A6CB2237516B00CDACD4 /* Debug */ = {
			isa = XCBuildConfiguration;
			buildSettings = {
				ALWAYS_SEARCH_USER_PATHS = NO;
				CLANG_ANALYZER_NONNULL = YES;
				CLANG_ANALYZER_NUMBER_OBJECT_CONVERSION = YES_AGGRESSIVE;
				CLANG_CXX_LANGUAGE_STANDARD = "gnu++14";
				CLANG_CXX_LIBRARY = "libc++";
				CLANG_ENABLE_MODULES = YES;
				CLANG_ENABLE_OBJC_ARC = YES;
				CLANG_ENABLE_OBJC_WEAK = YES;
				CLANG_WARN_BLOCK_CAPTURE_AUTORELEASING = YES;
				CLANG_WARN_BOOL_CONVERSION = YES;
				CLANG_WARN_COMMA = YES;
				CLANG_WARN_CONSTANT_CONVERSION = YES;
				CLANG_WARN_DEPRECATED_OBJC_IMPLEMENTATIONS = YES;
				CLANG_WARN_DIRECT_OBJC_ISA_USAGE = YES_ERROR;
				CLANG_WARN_DOCUMENTATION_COMMENTS = YES;
				CLANG_WARN_EMPTY_BODY = YES;
				CLANG_WARN_ENUM_CONVERSION = YES;
				CLANG_WARN_INFINITE_RECURSION = YES;
				CLANG_WARN_INT_CONVERSION = YES;
				CLANG_WARN_NON_LITERAL_NULL_CONVERSION = YES;
				CLANG_WARN_OBJC_IMPLICIT_RETAIN_SELF = YES;
				CLANG_WARN_OBJC_LITERAL_CONVERSION = YES;
				CLANG_WARN_OBJC_ROOT_CLASS = YES_ERROR;
				CLANG_WARN_QUOTED_INCLUDE_IN_FRAMEWORK_HEADER = YES;
				CLANG_WARN_RANGE_LOOP_ANALYSIS = YES;
				CLANG_WARN_STRICT_PROTOTYPES = YES;
				CLANG_WARN_SUSPICIOUS_MOVE = YES;
				CLANG_WARN_UNGUARDED_AVAILABILITY = YES_AGGRESSIVE;
				CLANG_WARN_UNREACHABLE_CODE = YES;
				CLANG_WARN__DUPLICATE_METHOD_MATCH = YES;
				CODE_SIGN_IDENTITY = "iPhone Developer";
				COPY_PHASE_STRIP = NO;
				DEBUG_INFORMATION_FORMAT = dwarf;
				ENABLE_STRICT_OBJC_MSGSEND = YES;
				ENABLE_TESTABILITY = YES;
				GCC_C_LANGUAGE_STANDARD = gnu11;
				GCC_DYNAMIC_NO_PIC = NO;
				GCC_NO_COMMON_BLOCKS = YES;
				GCC_OPTIMIZATION_LEVEL = 0;
				GCC_PREPROCESSOR_DEFINITIONS = (
					"DEBUG=1",
					"$(inherited)",
				);
				GCC_WARN_64_TO_32_BIT_CONVERSION = YES;
				GCC_WARN_ABOUT_RETURN_TYPE = YES_ERROR;
				GCC_WARN_UNDECLARED_SELECTOR = YES;
				GCC_WARN_UNINITIALIZED_AUTOS = YES_AGGRESSIVE;
				GCC_WARN_UNUSED_FUNCTION = YES;
				GCC_WARN_UNUSED_VARIABLE = YES;
				IPHONEOS_DEPLOYMENT_TARGET = 12.0;
				MTL_ENABLE_DEBUG_INFO = INCLUDE_SOURCE;
				MTL_FAST_MATH = YES;
				ONLY_ACTIVE_ARCH = YES;
				SDKROOT = iphoneos;
				SWIFT_ACTIVE_COMPILATION_CONDITIONS = DEBUG;
				SWIFT_OPTIMIZATION_LEVEL = "-Onone";
			};
			name = Debug;
		};
		8229A6CC2237516B00CDACD4 /* Release */ = {
			isa = XCBuildConfiguration;
			buildSettings = {
				ALWAYS_SEARCH_USER_PATHS = NO;
				CLANG_ANALYZER_NONNULL = YES;
				CLANG_ANALYZER_NUMBER_OBJECT_CONVERSION = YES_AGGRESSIVE;
				CLANG_CXX_LANGUAGE_STANDARD = "gnu++14";
				CLANG_CXX_LIBRARY = "libc++";
				CLANG_ENABLE_MODULES = YES;
				CLANG_ENABLE_OBJC_ARC = YES;
				CLANG_ENABLE_OBJC_WEAK = YES;
				CLANG_WARN_BLOCK_CAPTURE_AUTORELEASING = YES;
				CLANG_WARN_BOOL_CONVERSION = YES;
				CLANG_WARN_COMMA = YES;
				CLANG_WARN_CONSTANT_CONVERSION = YES;
				CLANG_WARN_DEPRECATED_OBJC_IMPLEMENTATIONS = YES;
				CLANG_WARN_DIRECT_OBJC_ISA_USAGE = YES_ERROR;
				CLANG_WARN_DOCUMENTATION_COMMENTS = YES;
				CLANG_WARN_EMPTY_BODY = YES;
				CLANG_WARN_ENUM_CONVERSION = YES;
				CLANG_WARN_INFINITE_RECURSION = YES;
				CLANG_WARN_INT_CONVERSION = YES;
				CLANG_WARN_NON_LITERAL_NULL_CONVERSION = YES;
				CLANG_WARN_OBJC_IMPLICIT_RETAIN_SELF = YES;
				CLANG_WARN_OBJC_LITERAL_CONVERSION = YES;
				CLANG_WARN_OBJC_ROOT_CLASS = YES_ERROR;
				CLANG_WARN_QUOTED_INCLUDE_IN_FRAMEWORK_HEADER = YES;
				CLANG_WARN_RANGE_LOOP_ANALYSIS = YES;
				CLANG_WARN_STRICT_PROTOTYPES = YES;
				CLANG_WARN_SUSPICIOUS_MOVE = YES;
				CLANG_WARN_UNGUARDED_AVAILABILITY = YES_AGGRESSIVE;
				CLANG_WARN_UNREACHABLE_CODE = YES;
				CLANG_WARN__DUPLICATE_METHOD_MATCH = YES;
				CODE_SIGN_IDENTITY = "iPhone Developer";
				COPY_PHASE_STRIP = NO;
				DEBUG_INFORMATION_FORMAT = "dwarf-with-dsym";
				ENABLE_NS_ASSERTIONS = NO;
				ENABLE_STRICT_OBJC_MSGSEND = YES;
				GCC_C_LANGUAGE_STANDARD = gnu11;
				GCC_NO_COMMON_BLOCKS = YES;
				GCC_WARN_64_TO_32_BIT_CONVERSION = YES;
				GCC_WARN_ABOUT_RETURN_TYPE = YES_ERROR;
				GCC_WARN_UNDECLARED_SELECTOR = YES;
				GCC_WARN_UNINITIALIZED_AUTOS = YES_AGGRESSIVE;
				GCC_WARN_UNUSED_FUNCTION = YES;
				GCC_WARN_UNUSED_VARIABLE = YES;
				IPHONEOS_DEPLOYMENT_TARGET = 12.0;
				MTL_ENABLE_DEBUG_INFO = NO;
				MTL_FAST_MATH = YES;
				SDKROOT = iphoneos;
				SWIFT_COMPILATION_MODE = wholemodule;
				SWIFT_OPTIMIZATION_LEVEL = "-O";
				VALIDATE_PRODUCT = YES;
			};
			name = Release;
		};
		8229A6CE2237516B00CDACD4 /* Debug */ = {
			isa = XCBuildConfiguration;
			baseConfigurationReference = 897340531D2AE23C38D985F7 /* Pods-FADemo.debug.xcconfig */;
			buildSettings = {
				ASSETCATALOG_COMPILER_APPICON_NAME = AppIcon;
				CODE_SIGN_STYLE = Automatic;
				"EXCLUDED_ARCHS[sdk=iphonesimulator*]" = arm64;
				INFOPLIST_FILE = FADemo/Info.plist;
				IPHONEOS_DEPLOYMENT_TARGET = 12.1;
				LD_RUNPATH_SEARCH_PATHS = (
					"$(inherited)",
					"@executable_path/Frameworks",
				);
				PRODUCT_BUNDLE_IDENTIFIER = thejohnlima.example;
				PRODUCT_NAME = "$(TARGET_NAME)";
				SWIFT_VERSION = 4.2;
				TARGETED_DEVICE_FAMILY = "1,2";
			};
			name = Debug;
		};
		8229A6CF2237516B00CDACD4 /* Release */ = {
			isa = XCBuildConfiguration;
			baseConfigurationReference = 339E9680E7D37E0C10AD6038 /* Pods-FADemo.release.xcconfig */;
			buildSettings = {
				ASSETCATALOG_COMPILER_APPICON_NAME = AppIcon;
				CODE_SIGN_STYLE = Automatic;
				"EXCLUDED_ARCHS[sdk=iphonesimulator*]" = arm64;
				INFOPLIST_FILE = FADemo/Info.plist;
				IPHONEOS_DEPLOYMENT_TARGET = 12.1;
				LD_RUNPATH_SEARCH_PATHS = (
					"$(inherited)",
					"@executable_path/Frameworks",
				);
				PRODUCT_BUNDLE_IDENTIFIER = thejohnlima.example;
				PRODUCT_NAME = "$(TARGET_NAME)";
				SWIFT_VERSION = 4.2;
				TARGETED_DEVICE_FAMILY = "1,2";
			};
			name = Release;
		};
/* End XCBuildConfiguration section */

/* Begin XCConfigurationList section */
		8229A6B62237516900CDACD4 /* Build configuration list for PBXProject "FADemo" */ = {
			isa = XCConfigurationList;
			buildConfigurations = (
				8229A6CB2237516B00CDACD4 /* Debug */,
				8229A6CC2237516B00CDACD4 /* Release */,
			);
			defaultConfigurationIsVisible = 0;
			defaultConfigurationName = Release;
		};
		8229A6CD2237516B00CDACD4 /* Build configuration list for PBXNativeTarget "FADemo" */ = {
			isa = XCConfigurationList;
			buildConfigurations = (
				8229A6CE2237516B00CDACD4 /* Debug */,
				8229A6CF2237516B00CDACD4 /* Release */,
			);
			defaultConfigurationIsVisible = 0;
			defaultConfigurationName = Release;
		};
/* End XCConfigurationList section */
	};
	rootObject = 8229A6B32237516900CDACD4 /* Project object */;
}
